
Microsoft Visual Studio Solution File, Format Version 12.00
# Visual Studio Version 16
VisualStudioVersion = 16.0.29519.181
MinimumVisualStudioVersion = 10.0.40219.1
Project("{2150E333-8FDC-42A3-9474-1A3956D46DE8}") = "1 - Presentation", "1 - Presentation", "{9E3842F6-FEF6-4845-8D05-94D5775A0A24}"
EndProject
Project("{2150E333-8FDC-42A3-9474-1A3956D46DE8}") = "2 - Services", "2 - Services", "{EAB6CD2A-2341-4337-AD2C-E47981655243}"
EndProject
Project("{2150E333-8FDC-42A3-9474-1A3956D46DE8}") = "3 - Application", "3 - Application", "{2C0E6BD1-ADD9-4EF9-B889-1432544299B2}"
EndProject
Project("{2150E333-8FDC-42A3-9474-1A3956D46DE8}") = "4 - Domain", "4 - Domain", "{5FE87687-8598-459E-AB9C-56367CCE4FF0}"
EndProject
Project("{2150E333-8FDC-42A3-9474-1A3956D46DE8}") = "5 - Infra", "5 - Infra", "{63E40F09-7948-4F2A-893B-2AF52518D0BC}"
EndProject
Project("{2150E333-8FDC-42A3-9474-1A3956D46DE8}") = "5.1 - Data", "5.1 - Data", "{1A8E1DF3-3290-42CA-A80F-58782DD17C35}"
EndProject
Project("{2150E333-8FDC-42A3-9474-1A3956D46DE8}") = "5.2 - Crosscutting", "5.2 - Crosscutting", "{3FD87EC8-109D-47CC-8644-908A0932A25B}"
EndProject
Global
	GlobalSection(SolutionProperties) = preSolution
		HideSolutionNode = FALSE
	EndGlobalSection
	GlobalSection(NestedProjects) = preSolution
		{1A8E1DF3-3290-42CA-A80F-58782DD17C35} = {63E40F09-7948-4F2A-893B-2AF52518D0BC}
		{3FD87EC8-109D-47CC-8644-908A0932A25B} = {63E40F09-7948-4F2A-893B-2AF52518D0BC}
	EndGlobalSection
	GlobalSection(ExtensibilityGlobals) = postSolution
		SolutionGuid = {99013F45-D3B8-4767-BC15-B50317C1E103}
	EndGlobalSection
EndGlobal
